# This file is automatically @generated by Cargo.
# It is not intended for manual editing.
version = 4

[[package]]
name = "ultraballoondb-core"
version = "0.0.3"

[[package]]
name = "ultraballoondb-lifecycle"
version = "0.0.3"
dependencies = [
 "ultraballoondb-storage",
 "ultraballoondb-wal",
]

[[package]]
name = "ultraballoondb-storage"
version = "0.0.3"

[[package]]
name = "ultraballoondb-wal"
version = "0.0.3"
dependencies = [
 "ultraballoondb-storage",
]

[[package]]
name = "ultraballoondb_rust_core"
version = "0.0.3"
dependencies = [
 "ultraballoondb-core",
]
